// !$*UTF8*$!
{
	archiveVersion = 1;
	classes = {
	};
	objectVersion = 50;
	objects = {

/* Begin PBXBuildFile section */
		DBA284EA259102D10006F326 /* CameraView.swift in Sources */ = {isa = PBXBuildFile; fileRef = DBA284E9259102D10006F326 /* CameraView.swift */; };
		DBA284F42593D3670006F326 /* ColorCube.m in Sources */ = {isa = PBXBuildFile; fileRef = DBA284F32593D3670006F326 /* ColorCube.m */; };
		DBA284F82593D4340006F326 /* CCLocalMaximum.m in Sources */ = {isa = PBXBuildFile; fileRef = DBA284F72593D4340006F326 /* CCLocalMaximum.m */; };
		DBA284FC259573DD0006F326 /* ColorsViewController.swift in Sources */ = {isa = PBXBuildFile; fileRef = DBA284FB259573DD0006F326 /* ColorsViewController.swift */; };
		DBA28500259B83EE0006F326 /* ColorViews.swift in Sources */ = {isa = PBXBuildFile; fileRef = DBA284FF259B83EE0006F326 /* ColorViews.swift */; };
		DBBE8FDE25816A8C005F10BE /* AppDelegate.swift in Sources */ = {isa = PBXBuildFile; fileRef = DBBE8FDD25816A8C005F10BE /* AppDelegate.swift */; };
		DBBE8FE025816A8C005F10BE /* SceneDelegate.swift in Sources */ = {isa = PBXBuildFile; fileRef = DBBE8FDF25816A8C005F10BE /* SceneDelegate.swift */; };
		DBBE8FE725816A8D005F10BE /* Assets.xcassets in Resources */ = {isa = PBXBuildFile; fileRef = DBBE8FE625816A8D005F10BE /* Assets.xcassets */; };
		DBBE8FEA25816A8D005F10BE /* LaunchScreen.storyboard in Resources */ = {isa = PBXBuildFile; fileRef = DBBE8FE825816A8D005F10BE /* LaunchScreen.storyboard */; };
		DBBE8FF425816CAB005F10BE /* EntryViewController.swift in Sources */ = {isa = PBXBuildFile; fileRef = DBBE8FF325816CAB005F10BE /* EntryViewController.swift */; };
		DBBE8FFA25817F5E005F10BE /* EntryViews.swift in Sources */ = {isa = PBXBuildFile; fileRef = DBBE8FF925817F5E005F10BE /* EntryViews.swift */; };
		DBBE900125818D17005F10BE /* MainViewController.swift in Sources */ = {isa = PBXBuildFile; fileRef = DBBE900025818D17005F10BE /* MainViewController.swift */; };
		DBBE900425818D8F005F10BE /* MainViews.swift in Sources */ = {isa = PBXBuildFile; fileRef = DBBE900325818D8F005F10BE /* MainViews.swift */; };
		DBBE90072582CE71005F10BE /* LibraryViewController.swift in Sources */ = {isa = PBXBuildFile; fileRef = DBBE90062582CE71005F10BE /* LibraryViewController.swift */; };
		DBBE900A2582CF94005F10BE /* LibraryViews.swift in Sources */ = {isa = PBXBuildFile; fileRef = DBBE90092582CF94005F10BE /* LibraryViews.swift */; };
		DBBE900D25841D80005F10BE /* DataModel.swift in Sources */ = {isa = PBXBuildFile; fileRef = DBBE900C25841D80005F10BE /* DataModel.swift */; };
		DBBE9010258426EC005F10BE /* CameraViewController.swift in Sources */ = {isa = PBXBuildFile; fileRef = DBBE900F258426EC005F10BE /* CameraViewController.swift */; };
		DBDE625B25A66B2A00012E15 /* LidarViewController.swift in Sources */ = {isa = PBXBuildFile; fileRef = DBDE625A25A66B2A00012E15 /* LidarViewController.swift */; };
/* End PBXBuildFile section */

/* Begin PBXFileReference section */
		DBA284E9259102D10006F326 /* CameraView.swift */ = {isa = PBXFileReference; lastKnownFileType = sourcecode.swift; path = CameraView.swift; sourceTree = "<group>"; };
		DBA284F12593D2A80006F326 /* ColorCube.h */ = {isa = PBXFileReference; lastKnownFileType = sourcecode.c.h; path = ColorCube.h; sourceTree = "<group>"; };
		DBA284F22593D3660006F326 /* multi-cam-Bridging-Header.h */ = {isa = PBXFileReference; lastKnownFileType = sourcecode.c.h; path = "multi-cam-Bridging-Header.h"; sourceTree = "<group>"; };
		DBA284F32593D3670006F326 /* ColorCube.m */ = {isa = PBXFileReference; lastKnownFileType = sourcecode.c.objc; path = ColorCube.m; sourceTree = "<group>"; };
		DBA284F62593D4100006F326 /* CCLocalMaximum.h */ = {isa = PBXFileReference; lastKnownFileType = sourcecode.c.h; path = CCLocalMaximum.h; sourceTree = "<group>"; };
		DBA284F72593D4340006F326 /* CCLocalMaximum.m */ = {isa = PBXFileReference; lastKnownFileType = sourcecode.c.objc; path = CCLocalMaximum.m; sourceTree = "<group>"; };
		DBA284FB259573DD0006F326 /* ColorsViewController.swift */ = {isa = PBXFileReference; lastKnownFileType = sourcecode.swift; path = ColorsViewController.swift; sourceTree = "<group>"; };
		DBA284FF259B83EE0006F326 /* ColorViews.swift */ = {isa = PBXFileReference; lastKnownFileType = sourcecode.swift; path = ColorViews.swift; sourceTree = "<group>"; };
		DBBE8FDA25816A8C005F10BE /* multi-cam.app */ = {isa = PBXFileReference; explicitFileType = wrapper.application; includeInIndex = 0; path = "multi-cam.app"; sourceTree = BUILT_PRODUCTS_DIR; };
		DBBE8FDD25816A8C005F10BE /* AppDelegate.swift */ = {isa = PBXFileReference; lastKnownFileType = sourcecode.swift; path = AppDelegate.swift; sourceTree = "<group>"; };
		DBBE8FDF25816A8C005F10BE /* SceneDelegate.swift */ = {isa = PBXFileReference; lastKnownFileType = sourcecode.swift; path = SceneDelegate.swift; sourceTree = "<group>"; };
		DBBE8FE625816A8D005F10BE /* Assets.xcassets */ = {isa = PBXFileReference; lastKnownFileType = folder.assetcatalog; path = Assets.xcassets; sourceTree = "<group>"; };
		DBBE8FE925816A8D005F10BE /* Base */ = {isa = PBXFileReference; lastKnownFileType = file.storyboard; name = Base; path = Base.lproj/LaunchScreen.storyboard; sourceTree = "<group>"; };
		DBBE8FEB25816A8D005F10BE /* Info.plist */ = {isa = PBXFileReference; lastKnownFileType = text.plist.xml; path = Info.plist; sourceTree = "<group>"; };
		DBBE8FF325816CAB005F10BE /* EntryViewController.swift */ = {isa = PBXFileReference; lastKnownFileType = sourcecode.swift; path = EntryViewController.swift; sourceTree = "<group>"; };
		DBBE8FF925817F5E005F10BE /* EntryViews.swift */ = {isa = PBXFileReference; lastKnownFileType = sourcecode.swift; path = EntryViews.swift; sourceTree = "<group>"; };
		DBBE900025818D17005F10BE /* MainViewController.swift */ = {isa = PBXFileReference; lastKnownFileType = sourcecode.swift; path = MainViewController.swift; sourceTree = "<group>"; };
		DBBE900325818D8F005F10BE /* MainViews.swift */ = {isa = PBXFileReference; lastKnownFileType = sourcecode.swift; path = MainViews.swift; sourceTree = "<group>"; };
		DBBE90062582CE71005F10BE /* LibraryViewController.swift */ = {isa = PBXFileReference; lastKnownFileType = sourcecode.swift; path = LibraryViewController.swift; sourceTree = "<group>"; };
		DBBE90092582CF94005F10BE /* LibraryViews.swift */ = {isa = PBXFileReference; lastKnownFileType = sourcecode.swift; path = LibraryViews.swift; sourceTree = "<group>"; };
		DBBE900C25841D80005F10BE /* DataModel.swift */ = {isa = PBXFileReference; lastKnownFileType = sourcecode.swift; path = DataModel.swift; sourceTree = "<group>"; };
		DBBE900F258426EC005F10BE /* CameraViewController.swift */ = {isa = PBXFileReference; lastKnownFileType = sourcecode.swift; path = CameraViewController.swift; sourceTree = "<group>"; };
		DBDE625A25A66B2A00012E15 /* LidarViewController.swift */ = {isa = PBXFileReference; lastKnownFileType = sourcecode.swift; path = LidarViewController.swift; sourceTree = "<group>"; };
/* End PBXFileReference section */

/* Begin PBXFrameworksBuildPhase section */
		DBBE8FD725816A8C005F10BE /* Frameworks */ = {
			isa = PBXFrameworksBuildPhase;
			buildActionMask = 2147483647;
			files = (
			);
			runOnlyForDeploymentPostprocessing = 0;
		};
/* End PBXFrameworksBuildPhase section */

/* Begin PBXGroup section */
		DBA284F02593D1F10006F326 /* Resources */ = {
			isa = PBXGroup;
			children = (
				DBA284F12593D2A80006F326 /* ColorCube.h */,
				DBA284F32593D3670006F326 /* ColorCube.m */,
				DBA284F22593D3660006F326 /* multi-cam-Bridging-Header.h */,
				DBA284F62593D4100006F326 /* CCLocalMaximum.h */,
				DBA284F72593D4340006F326 /* CCLocalMaximum.m */,
			);
			path = Resources;
			sourceTree = "<group>";
		};
		DBBE8FD125816A8C005F10BE = {
			isa = PBXGroup;
			children = (
				DBBE8FDC25816A8C005F10BE /* multi-cam */,
				DBBE8FDB25816A8C005F10BE /* Products */,
			);
			sourceTree = "<group>";
		};
		DBBE8FDB25816A8C005F10BE /* Products */ = {
			isa = PBXGroup;
			children = (
				DBBE8FDA25816A8C005F10BE /* multi-cam.app */,
			);
			name = Products;
			sourceTree = "<group>";
		};
		DBBE8FDC25816A8C005F10BE /* multi-cam */ = {
			isa = PBXGroup;
			children = (
				DBA284F02593D1F10006F326 /* Resources */,
				DBBE8FFE25818C81005F10BE /* ViewControllers */,
				DBBE8FF825817E48005F10BE /* Models */,
				DBBE8FF725817E40005F10BE /* Views */,
				DBBE8FDD25816A8C005F10BE /* AppDelegate.swift */,
				DBBE8FDF25816A8C005F10BE /* SceneDelegate.swift */,
				DBBE8FE625816A8D005F10BE /* Assets.xcassets */,
				DBBE8FE825816A8D005F10BE /* LaunchScreen.storyboard */,
				DBBE8FEB25816A8D005F10BE /* Info.plist */,
			);
			path = "multi-cam";
			sourceTree = "<group>";
		};
		DBBE8FF725817E40005F10BE /* Views */ = {
			isa = PBXGroup;
			children = (
				DBBE8FF925817F5E005F10BE /* EntryViews.swift */,
				DBBE900325818D8F005F10BE /* MainViews.swift */,
				DBBE90092582CF94005F10BE /* LibraryViews.swift */,
				DBA284E9259102D10006F326 /* CameraView.swift */,
				DBA284FF259B83EE0006F326 /* ColorViews.swift */,
			);
			path = Views;
			sourceTree = "<group>";
		};
		DBBE8FF825817E48005F10BE /* Models */ = {
			isa = PBXGroup;
			children = (
				DBBE900C25841D80005F10BE /* DataModel.swift */,
			);
			path = Models;
			sourceTree = "<group>";
		};
		DBBE8FFE25818C81005F10BE /* ViewControllers */ = {
			isa = PBXGroup;
			children = (
				DBBE8FF325816CAB005F10BE /* EntryViewController.swift */,
				DBBE900025818D17005F10BE /* MainViewController.swift */,
				DBBE90062582CE71005F10BE /* LibraryViewController.swift */,
				DBBE900F258426EC005F10BE /* CameraViewController.swift */,
				DBA284FB259573DD0006F326 /* ColorsViewController.swift */,
				DBDE625A25A66B2A00012E15 /* LidarViewController.swift */,
			);
			path = ViewControllers;
			sourceTree = "<group>";
		};
/* End PBXGroup section */

/* Begin PBXNativeTarget section */
		DBBE8FD925816A8C005F10BE /* multi-cam */ = {
			isa = PBXNativeTarget;
			buildConfigurationList = DBBE8FEE25816A8D005F10BE /* Build configuration list for PBXNativeTarget "multi-cam" */;
			buildPhases = (
				DBBE8FD625816A8C005F10BE /* Sources */,
				DBBE8FD725816A8C005F10BE /* Frameworks */,
				DBBE8FD825816A8C005F10BE /* Resources */,
			);
			buildRules = (
			);
			dependencies = (
			);
			name = "multi-cam";
			productName = "multi-cam";
			productReference = DBBE8FDA25816A8C005F10BE /* multi-cam.app */;
			productType = "com.apple.product-type.application";
		};
/* End PBXNativeTarget section */

/* Begin PBXProject section */
		DBBE8FD225816A8C005F10BE /* Project object */ = {
			isa = PBXProject;
			attributes = {
				LastSwiftUpdateCheck = 1220;
				LastUpgradeCheck = 1220;
				TargetAttributes = {
					DBBE8FD925816A8C005F10BE = {
						CreatedOnToolsVersion = 12.2;
						LastSwiftMigration = 1220;
					};
				};
			};
			buildConfigurationList = DBBE8FD525816A8C005F10BE /* Build configuration list for PBXProject "multi-cam" */;
			compatibilityVersion = "Xcode 9.3";
			developmentRegion = en;
			hasScannedForEncodings = 0;
			knownRegions = (
				en,
				Base,
			);
			mainGroup = DBBE8FD125816A8C005F10BE;
			productRefGroup = DBBE8FDB25816A8C005F10BE /* Products */;
			projectDirPath = "";
			projectRoot = "";
			targets = (
				DBBE8FD925816A8C005F10BE /* multi-cam */,
			);
		};
/* End PBXProject section */

/* Begin PBXResourcesBuildPhase section */
		DBBE8FD825816A8C005F10BE /* Resources */ = {
			isa = PBXResourcesBuildPhase;
			buildActionMask = 2147483647;
			files = (
				DBBE8FEA25816A8D005F10BE /* LaunchScreen.storyboard in Resources */,
				DBBE8FE725816A8D005F10BE /* Assets.xcassets in Resources */,
			);
			runOnlyForDeploymentPostprocessing = 0;
		};
/* End PBXResourcesBuildPhase section */

/* Begin PBXSourcesBuildPhase section */
		DBBE8FD625816A8C005F10BE /* Sources */ = {
			isa = PBXSourcesBuildPhase;
			buildActionMask = 2147483647;
			files = (
				DBA284FC259573DD0006F326 /* ColorsViewController.swift in Sources */,
				DBBE900A2582CF94005F10BE /* LibraryViews.swift in Sources */,
				DBBE9010258426EC005F10BE /* CameraViewController.swift in Sources */,
				DBA28500259B83EE0006F326 /* ColorViews.swift in Sources */,
				DBBE8FDE25816A8C005F10BE /* AppDelegate.swift in Sources */,
				DBBE8FE025816A8C005F10BE /* SceneDelegate.swift in Sources */,
				DBBE8FF425816CAB005F10BE /* EntryViewController.swift in Sources */,
				DBBE8FFA25817F5E005F10BE /* EntryViews.swift in Sources */,
				DBBE90072582CE71005F10BE /* LibraryViewController.swift in Sources */,
				DBA284EA259102D10006F326 /* CameraView.swift in Sources */,
				DBA284F82593D4340006F326 /* CCLocalMaximum.m in Sources */,
				DBA284F42593D3670006F326 /* ColorCube.m in Sources */,
				DBBE900125818D17005F10BE /* MainViewController.swift in Sources */,
				DBBE900D25841D80005F10BE /* DataModel.swift in Sources */,
				DBBE900425818D8F005F10BE /* MainViews.swift in Sources */,
				DBDE625B25A66B2A00012E15 /* LidarViewController.swift in Sources */,
			);
			runOnlyForDeploymentPostprocessing = 0;
		};
/* End PBXSourcesBuildPhase section */

/* Begin PBXVariantGroup section */
		DBBE8FE825816A8D005F10BE /* LaunchScreen.storyboard */ = {
			isa = PBXVariantGroup;
			children = (
				DBBE8FE925816A8D005F10BE /* Base */,
			);
			name = LaunchScreen.storyboard;
			sourceTree = "<group>";
		};
/* End PBXVariantGroup section */

/* Begin XCBuildConfiguration section */
		DBBE8FEC25816A8D005F10BE /* Debug */ = {
			isa = XCBuildConfiguration;
			buildSettings = {
				ALWAYS_SEARCH_USER_PATHS = NO;
				CLANG_ANALYZER_NONNULL = YES;
				CLANG_ANALYZER_NUMBER_OBJECT_CONVERSION = YES_AGGRESSIVE;
				CLANG_CXX_LANGUAGE_STANDARD = "gnu++14";
				CLANG_CXX_LIBRARY = "libc++";
				CLANG_ENABLE_MODULES = YES;
				CLANG_ENABLE_OBJC_ARC = YES;
				CLANG_ENABLE_OBJC_WEAK = YES;
				CLANG_WARN_BLOCK_CAPTURE_AUTORELEASING = YES;
				CLANG_WARN_BOOL_CONVERSION = YES;
				CLANG_WARN_COMMA = YES;
				CLANG_WARN_CONSTANT_CONVERSION = YES;
				CLANG_WARN_DEPRECATED_OBJC_IMPLEMENTATIONS = YES;
				CLANG_WARN_DIRECT_OBJC_ISA_USAGE = YES_ERROR;
				CLANG_WARN_DOCUMENTATION_COMMENTS = YES;
				CLANG_WARN_EMPTY_BODY = YES;
				CLANG_WARN_ENUM_CONVERSION = YES;
				CLANG_WARN_INFINITE_RECURSION = YES;
				CLANG_WARN_INT_CONVERSION = YES;
				CLANG_WARN_NON_LITERAL_NULL_CONVERSION = YES;
				CLANG_WARN_OBJC_IMPLICIT_RETAIN_SELF = YES;
				CLANG_WARN_OBJC_LITERAL_CONVERSION = YES;
				CLANG_WARN_OBJC_ROOT_CLASS = YES_ERROR;
				CLANG_WARN_QUOTED_INCLUDE_IN_FRAMEWORK_HEADER = YES;
				CLANG_WARN_RANGE_LOOP_ANALYSIS = YES;
				CLANG_WARN_STRICT_PROTOTYPES = YES;
				CLANG_WARN_SUSPICIOUS_MOVE = YES;
				CLANG_WARN_UNGUARDED_AVAILABILITY = YES_AGGRESSIVE;
				CLANG_WARN_UNREACHABLE_CODE = YES;
				CLANG_WARN__DUPLICATE_METHOD_MATCH = YES;
				COPY_PHASE_STRIP = NO;
				DEBUG_INFORMATION_FORMAT = dwarf;
				ENABLE_STRICT_OBJC_MSGSEND = YES;
				ENABLE_TESTABILITY = YES;
				GCC_C_LANGUAGE_STANDARD = gnu11;
				GCC_DYNAMIC_NO_PIC = NO;
				GCC_NO_COMMON_BLOCKS = YES;
				GCC_OPTIMIZATION_LEVEL = 0;
				GCC_PREPROCESSOR_DEFINITIONS = (
					"DEBUG=1",
					"$(inherited)",
				);
				GCC_WARN_64_TO_32_BIT_CONVERSION = YES;
				GCC_WARN_ABOUT_RETURN_TYPE = YES_ERROR;
				GCC_WARN_UNDECLARED_SELECTOR = YES;
				GCC_WARN_UNINITIALIZED_AUTOS = YES_AGGRESSIVE;
				GCC_WARN_UNUSED_FUNCTION = YES;
				GCC_WARN_UNUSED_VARIABLE = YES;
				IPHONEOS_DEPLOYMENT_TARGET = 14.2;
				MTL_ENABLE_DEBUG_INFO = INCLUDE_SOURCE;
				MTL_FAST_MATH = YES;
				ONLY_ACTIVE_ARCH = YES;
				SDKROOT = iphoneos;
				SWIFT_ACTIVE_COMPILATION_CONDITIONS = DEBUG;
				SWIFT_OPTIMIZATION_LEVEL = "-Onone";
			};
			name = Debug;
		};
		DBBE8FED25816A8D005F10BE /* Release */ = {
			isa = XCBuildConfiguration;
			buildSettings = {
				ALWAYS_SEARCH_USER_PATHS = NO;
				CLANG_ANALYZER_NONNULL = YES;
				CLANG_ANALYZER_NUMBER_OBJECT_CONVERSION = YES_AGGRESSIVE;
				CLANG_CXX_LANGUAGE_STANDARD = "gnu++14";
				CLANG_CXX_LIBRARY = "libc++";
				CLANG_ENABLE_MODULES = YES;
				CLANG_ENABLE_OBJC_ARC = YES;
				CLANG_ENABLE_OBJC_WEAK = YES;
				CLANG_WARN_BLOCK_CAPTURE_AUTORELEASING = YES;
				CLANG_WARN_BOOL_CONVERSION = YES;
				CLANG_WARN_COMMA = YES;
				CLANG_WARN_CONSTANT_CONVERSION = YES;
				CLANG_WARN_DEPRECATED_OBJC_IMPLEMENTATIONS = YES;
				CLANG_WARN_DIRECT_OBJC_ISA_USAGE = YES_ERROR;
				CLANG_WARN_DOCUMENTATION_COMMENTS = YES;
				CLANG_WARN_EMPTY_BODY = YES;
				CLANG_WARN_ENUM_CONVERSION = YES;
				CLANG_WARN_INFINITE_RECURSION = YES;
				CLANG_WARN_INT_CONVERSION = YES;
				CLANG_WARN_NON_LITERAL_NULL_CONVERSION = YES;
				CLANG_WARN_OBJC_IMPLICIT_RETAIN_SELF = YES;
				CLANG_WARN_OBJC_LITERAL_CONVERSION = YES;
				CLANG_WARN_OBJC_ROOT_CLASS = YES_ERROR;
				CLANG_WARN_QUOTED_INCLUDE_IN_FRAMEWORK_HEADER = YES;
				CLANG_WARN_RANGE_LOOP_ANALYSIS = YES;
				CLANG_WARN_STRICT_PROTOTYPES = YES;
				CLANG_WARN_SUSPICIOUS_MOVE = YES;
				CLANG_WARN_UNGUARDED_AVAILABILITY = YES_AGGRESSIVE;
				CLANG_WARN_UNREACHABLE_CODE = YES;
				CLANG_WARN__DUPLICATE_METHOD_MATCH = YES;
				COPY_PHASE_STRIP = NO;
				DEBUG_INFORMATION_FORMAT = "dwarf-with-dsym";
				ENABLE_NS_ASSERTIONS = NO;
				ENABLE_STRICT_OBJC_MSGSEND = YES;
				GCC_C_LANGUAGE_STANDARD = gnu11;
				GCC_NO_COMMON_BLOCKS = YES;
				GCC_WARN_64_TO_32_BIT_CONVERSION = YES;
				GCC_WARN_ABOUT_RETURN_TYPE = YES_ERROR;
				GCC_WARN_UNDECLARED_SELECTOR = YES;
				GCC_WARN_UNINITIALIZED_AUTOS = YES_AGGRESSIVE;
				GCC_WARN_UNUSED_FUNCTION = YES;
				GCC_WARN_UNUSED_VARIABLE = YES;
				IPHONEOS_DEPLOYMENT_TARGET = 14.2;
				MTL_ENABLE_DEBUG_INFO = NO;
				MTL_FAST_MATH = YES;
				SDKROOT = iphoneos;
				SWIFT_COMPILATION_MODE = wholemodule;
				SWIFT_OPTIMIZATION_LEVEL = "-O";
				VALIDATE_PRODUCT = YES;
			};
			name = Release;
		};
		DBBE8FEF25816A8D005F10BE /* Debug */ = {
			isa = XCBuildConfiguration;
			buildSettings = {
				ASSETCATALOG_COMPILER_APPICON_NAME = AppIcon;
				ASSETCATALOG_COMPILER_GLOBAL_ACCENT_COLOR_NAME = AccentColor;
				CLANG_ENABLE_MODULES = YES;
				CODE_SIGN_STYLE = Automatic;
				DEVELOPMENT_TEAM = 26H3AK6WB4;
				INFOPLIST_FILE = "multi-cam/Info.plist";
				LD_RUNPATH_SEARCH_PATHS = (
					"$(inherited)",
					"@executable_path/Frameworks",
				);
				PRODUCT_BUNDLE_IDENTIFIER = "SLUVislab.multi-cam";
				PRODUCT_NAME = "$(TARGET_NAME)";
				SWIFT_OBJC_BRIDGING_HEADER = "multi-cam/Resources/multi-cam-Bridging-Header.h";
				SWIFT_OPTIMIZATION_LEVEL = "-Onone";
				SWIFT_VERSION = 5.0;
				TARGETED_DEVICE_FAMILY = "1,2";
			};
			name = Debug;
		};
		DBBE8FF025816A8D005F10BE /* Release */ = {
			isa = XCBuildConfiguration;
			buildSettings = {
				ASSETCATALOG_COMPILER_APPICON_NAME = AppIcon;
				ASSETCATALOG_COMPILER_GLOBAL_ACCENT_COLOR_NAME = AccentColor;
				CLANG_ENABLE_MODULES = YES;
				CODE_SIGN_STYLE = Automatic;
				DEVELOPMENT_TEAM = 26H3AK6WB4;
				INFOPLIST_FILE = "multi-cam/Info.plist";
				LD_RUNPATH_SEARCH_PATHS = (
					"$(inherited)",
					"@executable_path/Frameworks",
				);
				PRODUCT_BUNDLE_IDENTIFIER = "SLUVislab.multi-cam";
				PRODUCT_NAME = "$(TARGET_NAME)";
				SWIFT_OBJC_BRIDGING_HEADER = "multi-cam/Resources/multi-cam-Bridging-Header.h";
				SWIFT_VERSION = 5.0;
				TARGETED_DEVICE_FAMILY = "1,2";
			};
			name = Release;
		};
/* End XCBuildConfiguration section */

/* Begin XCConfigurationList section */
		DBBE8FD525816A8C005F10BE /* Build configuration list for PBXProject "multi-cam" */ = {
			isa = XCConfigurationList;
			buildConfigurations = (
				DBBE8FEC25816A8D005F10BE /* Debug */,
				DBBE8FED25816A8D005F10BE /* Release */,
			);
			defaultConfigurationIsVisible = 0;
			defaultConfigurationName = Release;
		};
		DBBE8FEE25816A8D005F10BE /* Build configuration list for PBXNativeTarget "multi-cam" */ = {
			isa = XCConfigurationList;
			buildConfigurations = (
				DBBE8FEF25816A8D005F10BE /* Debug */,
				DBBE8FF025816A8D005F10BE /* Release */,
			);
			defaultConfigurationIsVisible = 0;
			defaultConfigurationName = Release;
		};
/* End XCConfigurationList section */
	};
	rootObject = DBBE8FD225816A8C005F10BE /* Project object */;
}
